
Microsoft Visual Studio Solution File, Format Version 12.00
# Visual Studio 15
VisualStudioVersion = 15.0.27428.2002
MinimumVisualStudioVersion = 10.0.40219.1
Project("{FAE04EC0-301F-11D3-BF4B-00C04F79EFBC}") = "WebAPI", "WebAPI\WebAPI.csproj", "{A211FD57-D350-47C2-AAAB-7362026950E8}"
EndProject
Global
	GlobalSection(SolutionConfigurationPlatforms) = preSolution
		Debug|Any CPU = Debug|Any CPU
		Release|Any CPU = Release|Any CPU
	EndGlobalSection
	GlobalSection(ProjectConfigurationPlatforms) = postSolution
		{A211FD57-D350-47C2-AAAB-7362026950E8}.Debug|Any CPU.ActiveCfg = Debug|Any CPU
		{A211FD57-D350-47C2-AAAB-7362026950E8}.Debug|Any CPU.Build.0 = Debug|Any CPU
		{A211FD57-D350-47C2-AAAB-7362026950E8}.Release|Any CPU.ActiveCfg = Release|Any CPU
		{A211FD57-D350-47C2-AAAB-7362026950E8}.Release|Any CPU.Build.0 = Release|Any CPU
	EndGlobalSection
	GlobalSection(SolutionProperties) = preSolution
		HideSolutionNode = FALSE
	EndGlobalSection
	GlobalSection(ExtensibilityGlobals) = postSolution
		SolutionGuid = {9CE11F79-821C-4FED-A41A-CD27749263B5}
	EndGlobalSection
EndGlobal
